
Microsoft Visual Studio Solution File, Format Version 12.00
# Visual Studio Version 17
VisualStudioVersion = 17.5.33530.505
MinimumVisualStudioVersion = 10.0.40219.1
Project("{2150E333-8FDC-42A3-9474-1A3956D46DE8}") = "src", "src", "{FCD4B671-C0A9-44BF-8610-406E1E70ECD0}"
EndProject
Project("{2150E333-8FDC-42A3-9474-1A3956D46DE8}") = "tests", "tests", "{3BC30A04-9964-4CB9-88FC-969CE4AE01D8}"
EndProject
Project("{9A19103F-16F7-4668-BE54-9A1E7A4F7556}") = "Singleton", "src\Singleton\Singleton.csproj", "{8D764F9E-6D0D-4D4F-98B6-150E30C8C1F8}"
EndProject
Project("{9A19103F-16F7-4668-BE54-9A1E7A4F7556}") = "DesignPatterns.Tests", "tests\DesignPatterns.Tests\DesignPatterns.Tests.csproj", "{CEBB9AB8-46D0-4679-A26A-8BBEA28209A1}"
EndProject
Global
	GlobalSection(SolutionConfigurationPlatforms) = preSolution
		Debug|Any CPU = Debug|Any CPU
		Release|Any CPU = Release|Any CPU
	EndGlobalSection
	GlobalSection(ProjectConfigurationPlatforms) = postSolution
		{8D764F9E-6D0D-4D4F-98B6-150E30C8C1F8}.Debug|Any CPU.ActiveCfg = Debug|Any CPU
		{8D764F9E-6D0D-4D4F-98B6-150E30C8C1F8}.Debug|Any CPU.Build.0 = Debug|Any CPU
		{8D764F9E-6D0D-4D4F-98B6-150E30C8C1F8}.Release|Any CPU.ActiveCfg = Release|Any CPU
		{8D764F9E-6D0D-4D4F-98B6-150E30C8C1F8}.Release|Any CPU.Build.0 = Release|Any CPU
		{CEBB9AB8-46D0-4679-A26A-8BBEA28209A1}.Debug|Any CPU.ActiveCfg = Debug|Any CPU
		{CEBB9AB8-46D0-4679-A26A-8BBEA28209A1}.Debug|Any CPU.Build.0 = Debug|Any CPU
		{CEBB9AB8-46D0-4679-A26A-8BBEA28209A1}.Release|Any CPU.ActiveCfg = Release|Any CPU
		{CEBB9AB8-46D0-4679-A26A-8BBEA28209A1}.Release|Any CPU.Build.0 = Release|Any CPU
	EndGlobalSection
	GlobalSection(SolutionProperties) = preSolution
		HideSolutionNode = FALSE
	EndGlobalSection
	GlobalSection(NestedProjects) = preSolution
		{8D764F9E-6D0D-4D4F-98B6-150E30C8C1F8} = {FCD4B671-C0A9-44BF-8610-406E1E70ECD0}
		{CEBB9AB8-46D0-4679-A26A-8BBEA28209A1} = {3BC30A04-9964-4CB9-88FC-969CE4AE01D8}
	EndGlobalSection
	GlobalSection(ExtensibilityGlobals) = postSolution
		SolutionGuid = {3E083D7C-4ECD-46D3-9D05-26422613007F}
	EndGlobalSection
EndGlobal
